{
  "name": "srbc",
  "version": "1.0.0",
  "lockfileVersion": 1,
  "requires": true,
  "dependencies": {
    "@fortawesome/fontawesome-free": {
      "version": "5.15.3",
      "resolved": "https://registry.npmjs.org/@fortawesome/fontawesome-free/-/fontawesome-free-5.15.3.tgz",
      "integrity": "sha512-rFnSUN/QOtnOAgqFRooTA3H57JLDm0QEG/jPdk+tLQNL/eWd+Aok8g3qCI+Q1xuDPWpGW/i9JySpJVsq8Q0s9w=="
    },
    "typed.js": {
      "version": "2.0.12",
      "resolved": "https://registry.npmjs.org/typed.js/-/typed.js-2.0.12.tgz",
      "integrity": "sha512-lyACZh1cu+vpfYY3DG/bvsGLXXbdoDDpWxmqta10IQUdMXisMXOEyl+jos+YT9uBbzK4QaKYBjT3R0kTJO0Slw=="
    }
  }
}
